
Microsoft Visual Studio Solution File, Format Version 12.00
# Visual Studio Version 16
VisualStudioVersion = 16.0.30002.166
MinimumVisualStudioVersion = 10.0.40219.1
Project("{FAE04EC0-301F-11D3-BF4B-00C04F79EFBC}") = "IdSrvExample.Web.Gateway.Api", "IdSrvExample.Web.Gateway.Api\IdSrvExample.Web.Gateway.Api.csproj", "{BF583B8D-4A5D-4504-BABF-C0AA70A94B59}"
EndProject
Global
	GlobalSection(SolutionConfigurationPlatforms) = preSolution
		Debug|Any CPU = Debug|Any CPU
		Release|Any CPU = Release|Any CPU
	EndGlobalSection
	GlobalSection(ProjectConfigurationPlatforms) = postSolution
		{BF583B8D-4A5D-4504-BABF-C0AA70A94B59}.Debug|Any CPU.ActiveCfg = Debug|Any CPU
		{BF583B8D-4A5D-4504-BABF-C0AA70A94B59}.Debug|Any CPU.Build.0 = Debug|Any CPU
		{BF583B8D-4A5D-4504-BABF-C0AA70A94B59}.Release|Any CPU.ActiveCfg = Release|Any CPU
		{BF583B8D-4A5D-4504-BABF-C0AA70A94B59}.Release|Any CPU.Build.0 = Release|Any CPU
	EndGlobalSection
	GlobalSection(SolutionProperties) = preSolution
		HideSolutionNode = FALSE
	EndGlobalSection
	GlobalSection(ExtensibilityGlobals) = postSolution
		SolutionGuid = {58D26C19-607A-4F2A-A098-A57EB0929729}
	EndGlobalSection
EndGlobal
